// !$*UTF8*$!
{
	archiveVersion = 1;
	classes = {
	};
	objectVersion = 77;
	objects = {

/* Begin PBXBuildFile section */
		037DB8B9A2A1E5FA00C16E1E /* proxy_daemon.rs in Resources */ = {isa = PBXBuildFile; fileRef = 3E013D6F6786AE2EA7E9AF59 /* proxy_daemon.rs */; };
		062663E216F4946D6600D1CE /* AccountRankingTests.swift in Sources */ = {isa = PBXBuildFile; fileRef = 96C85B608B5A700CC8557EC2 /* AccountRankingTests.swift */; };
		0797784F1F471715624CA9CD /* AppLocaleTests.swift in Sources */ = {isa = PBXBuildFile; fileRef = A146C7576AB39EFCD658BFED /* AppLocaleTests.swift */; };
		08342AB5B372E5D6B5F1B73F /* RootScene.swift in Sources */ = {isa = PBXBuildFile; fileRef = AF3990C942090A68CBEDDDE1 /* RootScene.swift */; };
		08E6BB21C1E6371C4D7C56A9 /* AccountsCoordinator.swift in Sources */ = {isa = PBXBuildFile; fileRef = 975800F0AD21824941F02AD3 /* AccountsCoordinator.swift */; };
		0A211B816427E58E3878715A /* Cargo.toml in Resources */ = {isa = PBXBuildFile; fileRef = 06F1E6F2CD1F32BE938A10E2 /* Cargo.toml */; };
		0CC97446577263889F1C8A0C /* SystemDateProvider.swift in Sources */ = {isa = PBXBuildFile; fileRef = 962E931E377964D0704D3809 /* SystemDateProvider.swift */; };
		137463A0132E4160501DD2AC /* StoreFileRepositoryTests.swift in Sources */ = {isa = PBXBuildFile; fileRef = DF11B93A2C05CC3B851D671A /* StoreFileRepositoryTests.swift */; };
		137936A0518C78C5549E919E /* AccountsPageView.swift in Sources */ = {isa = PBXBuildFile; fileRef = 8B90210EB2AAD603950A607C /* AccountsPageView.swift */; };
		16AF52DED4DD5AE588B64368 /* usage.rs in Resources */ = {isa = PBXBuildFile; fileRef = 2A597D670A72CDE27C08D586 /* usage.rs */; };
		17D19163BCCA0B5770E5BDE0 /* LayoutRules.swift in Sources */ = {isa = PBXBuildFile; fileRef = ECE624821FB137E8DB3711AD /* LayoutRules.swift */; };
		1D65456D1976E95EA4D43E1E /* ToolsPageView.swift in Sources */ = {isa = PBXBuildFile; fileRef = AEFA55BDFB126AF96635B8E7 /* ToolsPageView.swift */; };
		1FF5A858AFC00A862295F943 /* ProxyCoordinator.swift in Sources */ = {isa = PBXBuildFile; fileRef = 2843DB9CB43284AFB2E5A459 /* ProxyCoordinator.swift */; };
		2CA3BD709672017E7414EF48 /* SettingsCoordinator.swift in Sources */ = {isa = PBXBuildFile; fileRef = EBC562226CDA114F63F5E91A /* SettingsCoordinator.swift */; };
		32609F6B746B4F4CC1867CEB /* DefaultWorkspaceMetadataService.swift in Sources */ = {isa = PBXBuildFile; fileRef = 7330DEB6FA1EF79E17366359 /* DefaultWorkspaceMetadataService.swift */; };
		341FC56FB803E4544D4928E3 /* CodexCLIService.swift in Sources */ = {isa = PBXBuildFile; fileRef = 3EB01EB2A0408FB4CA84CDEE /* CodexCLIService.swift */; };
		366BB64F586C3259C64EFC29 /* models.rs in Resources */ = {isa = PBXBuildFile; fileRef = FAECC20A0EA2A2E024BEFA9E /* models.rs */; };
		39796A30063610AC0A5579C5 /* AIMenuApp.swift in Sources */ = {isa = PBXBuildFile; fileRef = 673441EA643693821EED4FE6 /* AIMenuApp.swift */; };
		4340388029808F096EA1D252 /* JSONValue.swift in Sources */ = {isa = PBXBuildFile; fileRef = 5000155760C69A6117DF5E08 /* JSONValue.swift */; };
		4353553A171096B9C9653258 /* LocalizationConsistencyTests.swift in Sources */ = {isa = PBXBuildFile; fileRef = 251BC10FF4D8538941CDC174 /* LocalizationConsistencyTests.swift */; };
		4389F9981E6B19B863CA31F9 /* Notice.swift in Sources */ = {isa = PBXBuildFile; fileRef = D593B8E21B1B66A64179E605 /* Notice.swift */; };
		46F70E216B2D9F94247190D5 /* ShellCommandRunner.swift in Sources */ = {isa = PBXBuildFile; fileRef = 00E0EE08E1645AD783C2DED1 /* ShellCommandRunner.swift */; };
		4B444A88CAFD9D0E713B7D96 /* StoreFileRepository.swift in Sources */ = {isa = PBXBuildFile; fileRef = 2D0007E157CB217C0A6DD1E7 /* StoreFileRepository.swift */; };
		4C1FBCF5ADFC0A5FB2EF814E /* SwiftNativeProxyRuntimeService.swift in Sources */ = {isa = PBXBuildFile; fileRef = E072B2DEE9973F725135D145 /* SwiftNativeProxyRuntimeService.swift */; };
		4C2E52A903F7EAFC222BAA3B /* ProxyRuntimeLimits.swift in Sources */ = {isa = PBXBuildFile; fileRef = E4B63498B5FFF2C0A83946BF /* ProxyRuntimeLimits.swift */; };
		50922F8C48CF01B728AD262F /* LiquidProgressMetricsTests.swift in Sources */ = {isa = PBXBuildFile; fileRef = E6318743D5B32C4FA1244FAD /* LiquidProgressMetricsTests.swift */; };
		53243CFFBC40F306DCE9ED45 /* AuthFileRepository.swift in Sources */ = {isa = PBXBuildFile; fileRef = 7296C82EB9955D9DB121C940 /* AuthFileRepository.swift */; };
		54F5A32512F8226641F0655E /* AccountsPageModel.swift in Sources */ = {isa = PBXBuildFile; fileRef = 6649CF1B9E1CA80D5522A9A6 /* AccountsPageModel.swift */; };
		56263AAC5C05EA4E01D2FF4D /* ProviderPresets.swift in Sources */ = {isa = PBXBuildFile; fileRef = E6BA02C226189FD41DD7CDCE /* ProviderPresets.swift */; };
		5933C4A2BC120F4AE40F7109 /* ProviderCoordinator.swift in Sources */ = {isa = PBXBuildFile; fileRef = 188166E91B7ACC3D9D2822D9 /* ProviderCoordinator.swift */; };
		6309AA260295ACA2C7F0E29B /* Models.swift in Sources */ = {isa = PBXBuildFile; fileRef = E4162DC26A19B885777C3431 /* Models.swift */; };
		634D954799F1968A5D418EA2 /* SwiftNativeProxyRuntimeServiceTests.swift in Sources */ = {isa = PBXBuildFile; fileRef = 1302CF1943B5AEB08D667C6E /* SwiftNativeProxyRuntimeServiceTests.swift */; };
		63EF6C5310182A8B5DB70D66 /* OpenAIChatGPTOAuthLoginService.swift in Sources */ = {isa = PBXBuildFile; fileRef = C4F7246044D6E322F548D954 /* OpenAIChatGPTOAuthLoginService.swift */; };
		67FEEA1796F9BC33A0D57CF6 /* SettingsPageModel.swift in Sources */ = {isa = PBXBuildFile; fileRef = DBF9C8262357FD7DC9AA4855 /* SettingsPageModel.swift */; };
		683DA0BB33E165DCFEFE8633 /* OpencodeAuthSyncService.swift in Sources */ = {isa = PBXBuildFile; fileRef = AB56BDF9685A258D5CD4C18A /* OpencodeAuthSyncService.swift */; };
		68A1228957522AF14BEF1006 /* utils.rs in Resources */ = {isa = PBXBuildFile; fileRef = 6190BE90C3A6928AE092B876 /* utils.rs */; };
		6DE41EF6F476912C967CF60D /* ViewState.swift in Sources */ = {isa = PBXBuildFile; fileRef = C36FDB8D2542926806D5B265 /* ViewState.swift */; };
		75C5CBC7206160F013685830 /* GitHubUpdateService.swift in Sources */ = {isa = PBXBuildFile; fileRef = 2E875E904D3ADACBDBF66C1D /* GitHubUpdateService.swift */; };
		7614A610947D7CB86C7CDF9C /* SimpleHTTPServer.swift in Sources */ = {isa = PBXBuildFile; fileRef = 1E9DBE99B4528C42CED746B8 /* SimpleHTTPServer.swift */; };
		77F129ACAC53652FC1D928BB /* AIMenu.icon in Resources */ = {isa = PBXBuildFile; fileRef = 97D79696C6A34BCD8B3C05C1 /* AIMenu.icon */; };
		7F539ED7076B2EA02CB6788C /* Protocols.swift in Sources */ = {isa = PBXBuildFile; fileRef = 42479015F84989E486D80B6E /* Protocols.swift */; };
		82928E59A44DB5D0A6436A47 /* RepositoryLocator.swift in Sources */ = {isa = PBXBuildFile; fileRef = 17E5EFBA0AA212B32AAB6710 /* RepositoryLocator.swift */; };
		8569AB77E801277DA501BD46 /* UsageWindowSelector.swift in Sources */ = {isa = PBXBuildFile; fileRef = 5F5229A7F5573D51E6740E23 /* UsageWindowSelector.swift */; };
		892F210DBC6C53459E6EBE20 /* Cargo.lock in Resources */ = {isa = PBXBuildFile; fileRef = 1D7A8A652AC27A5594E0C9A7 /* Cargo.lock */; };
		8A97DF56318AACE5DA7A07A7 /* CloudflaredService.swift in Sources */ = {isa = PBXBuildFile; fileRef = C139AC44A9986277E75FA765 /* CloudflaredService.swift */; };
		8E1F5360E158E01D0A36046D /* Localizable.strings in Resources */ = {isa = PBXBuildFile; fileRef = B200F10CE9F433B769723734 /* Localizable.strings */; };
		8E8A2C2234BAB2A8BA085BC5 /* ToolsPageModel.swift in Sources */ = {isa = PBXBuildFile; fileRef = F0A29A83A4B7A08CF8B3CADE /* ToolsPageModel.swift */; };
		92F681D52C5A373D81950C05 /* AuthFileRepositoryTests.swift in Sources */ = {isa = PBXBuildFile; fileRef = 1659877DCD8B9150D665ED12 /* AuthFileRepositoryTests.swift */; };
		93F291DBC9FD57E847EB6519 /* AppLocale.swift in Sources */ = {isa = PBXBuildFile; fileRef = 28E2CF5AE0B544874B721FCC /* AppLocale.swift */; };
		98E465C8F8BAA05142221C0D /* ProxyPageModelTests.swift in Sources */ = {isa = PBXBuildFile; fileRef = F5B56AEDF3689EA6421720B2 /* ProxyPageModelTests.swift */; };
		9BE1D9951912C722CF37BC67 /* SettingsPageView.swift in Sources */ = {isa = PBXBuildFile; fileRef = B7B61BD243C65F84D47C5E07 /* SettingsPageView.swift */; };
		9D08A700556999940540E4DE /* ChatGPTBaseOriginResolver.swift in Sources */ = {isa = PBXBuildFile; fileRef = 3E9D74FD76E0A76EF4AF68AC /* ChatGPTBaseOriginResolver.swift */; };
		9ED52999272DAB575FAD8157 /* auth.rs in Resources */ = {isa = PBXBuildFile; fileRef = D16220C69646464B343B782F /* auth.rs */; };
		9F3B31646881F65BD82BC5C9 /* UpdateCoordinator.swift in Sources */ = {isa = PBXBuildFile; fileRef = 9D3340D9F24E63B0B31749E2 /* UpdateCoordinator.swift */; };
		A1C2D3E4F5A60718293A4B5C /* Cursor2APIService.swift in Sources */ = {isa = PBXBuildFile; fileRef = C1C2D3E4F5A60718293A4B5C /* Cursor2APIService.swift */; };
		A39DE0252B7DE1B089DB14D1 /* AppContainer.swift in Sources */ = {isa = PBXBuildFile; fileRef = 4DEC342D5FDC9541EA737668 /* AppContainer.swift */; };
		A7144A42D2FC21D789B3FB49 /* AppError.swift in Sources */ = {isa = PBXBuildFile; fileRef = 8644DF48AF768B1D855A3404 /* AppError.swift */; };
		A89EE3D38EE2A5065FB15201 /* ProviderPageView.swift in Sources */ = {isa = PBXBuildFile; fileRef = 0024622AE4124A8AAF8786F9 /* ProviderPageView.swift */; };
		AC282DD5D81DBE4A5010E1E1 /* ProviderModels.swift in Sources */ = {isa = PBXBuildFile; fileRef = 5EC532E4550CA13411FE5A4B /* ProviderModels.swift */; };
		AEEEE6E52FAC04AFF97354C1 /* ProxyPageModel.swift in Sources */ = {isa = PBXBuildFile; fileRef = D42AE96D25E97F39B6AAB9A8 /* ProxyPageModel.swift */; };
		AF82A89745158717E2962E1F /* ProviderConfigService.swift in Sources */ = {isa = PBXBuildFile; fileRef = ABA9BFA372D06F0D79462C15 /* ProviderConfigService.swift */; };
		B02FB96AC2AA18DA0EE1FE21 /* AppSettingsCodableTests.swift in Sources */ = {isa = PBXBuildFile; fileRef = 615AE055972ED222439110F8 /* AppSettingsCodableTests.swift */; };
		B1D5612DF2DA63BE81C96320 /* figure.pool.swim.png in Resources */ = {isa = PBXBuildFile; fileRef = D97DE818E2B47EBF28DFEA3D /* figure.pool.swim.png */; };
		BA5B276B09B95CA7284CDFA2 /* PlatformCapabilities.swift in Sources */ = {isa = PBXBuildFile; fileRef = 1928844F787DAA8E86F1AE1A /* PlatformCapabilities.swift */; };
		BAA8370E04EE38AD6F28F62E /* NoticeBanner.swift in Sources */ = {isa = PBXBuildFile; fileRef = 5C4EB189FA13DC18FA698AFB /* NoticeBanner.swift */; };
		BAC63D41038D37A503641728 /* CommandRunnerTimeoutTests.swift in Sources */ = {isa = PBXBuildFile; fileRef = 0D1996F591AEC73ED65ED1F9 /* CommandRunnerTimeoutTests.swift */; };
		BB02DFA1719016AB591B43B5 /* L10n.swift in Sources */ = {isa = PBXBuildFile; fileRef = 315E6E562A9376AB6D34B744 /* L10n.swift */; };
		BCC005ABF70C814EF0159CAD /* proxy_service.rs in Resources */ = {isa = PBXBuildFile; fileRef = FEB8F849524A5B828F5C0F7F /* proxy_service.rs */; };
		BDEFAC6E557915562EA5D5A2 /* main.rs in Resources */ = {isa = PBXBuildFile; fileRef = E2700A142EED2C109BC86E25 /* main.rs */; };
		B1C2D3E4F5A60718293A4B5C /* PortManagementService.swift in Sources */ = {isa = PBXBuildFile; fileRef = D1C2D3E4F5A60718293A4B5C /* PortManagementService.swift */; };
		C0040E924E495A9B4DCF7EBE /* EmptyStateView.swift in Sources */ = {isa = PBXBuildFile; fileRef = 3692DEACD953D34AF240F6ED /* EmptyStateView.swift */; };
		C1689CF8BC0D6EBC84B515ED /* AccountsCoordinatorTests.swift in Sources */ = {isa = PBXBuildFile; fileRef = 85BEA62E5EB96361AD117627 /* AccountsCoordinatorTests.swift */; };
		CA37BD95DACA443113BF6EC6 /* EditorAppService.swift in Sources */ = {isa = PBXBuildFile; fileRef = C5358263820EB410620C79AB /* EditorAppService.swift */; };
		D0611DC1C82F7B37B8D91040 /* ProxyPageView.swift in Sources */ = {isa = PBXBuildFile; fileRef = D3AE6ECBCE990356DEB5BBE0 /* ProxyPageView.swift */; };
		D0D721335F066D21AAAD652D /* FileSystemPaths.swift in Sources */ = {isa = PBXBuildFile; fileRef = 1D518BC8C9103B4FD9C16B27 /* FileSystemPaths.swift */; };
		D41A90108E94AFB1E9B1A818 /* VersionComparatorTests.swift in Sources */ = {isa = PBXBuildFile; fileRef = 54BDCA2C85944483297EEA6B /* VersionComparatorTests.swift */; };
		D54AF4961D9E393B51DACD16 /* LaunchAtStartupService.swift in Sources */ = {isa = PBXBuildFile; fileRef = BCFDDF034C6446339DDFAF9B /* LaunchAtStartupService.swift */; };
		D6276568AD61117EBF6A0BDF /* SectionCard.swift in Sources */ = {isa = PBXBuildFile; fileRef = 54944E5E848D062E524900CF /* SectionCard.swift */; };
		D8E9A97C6D5050567CA56736 /* TrayMenuModel.swift in Sources */ = {isa = PBXBuildFile; fileRef = 88EA6ECB13116EC2FBC3C384 /* TrayMenuModel.swift */; };
		DCD28B83E4C2D0294C831627 /* AccountRanking.swift in Sources */ = {isa = PBXBuildFile; fileRef = 0FBDA86A5354BD9FDCE671A2 /* AccountRanking.swift */; };
		DD61ECC2C6E49026F26CF17A /* ProviderPageModel.swift in Sources */ = {isa = PBXBuildFile; fileRef = A98891331D331EAF492A366E /* ProviderPageModel.swift */; };
		E11DCC850FA489BD46094EE0 /* UsageWindowSelectorTests.swift in Sources */ = {isa = PBXBuildFile; fileRef = C10E7339F7656FE20240B3B8 /* UsageWindowSelectorTests.swift */; };
		E602C264D4C5549D20D359D2 /* state.rs in Resources */ = {isa = PBXBuildFile; fileRef = 906F433E9E25A6366AF39AD7 /* state.rs */; };
		E819DD760F7DDD030107C454 /* store.rs in Resources */ = {isa = PBXBuildFile; fileRef = 653983E38A29ACAB094FCB48 /* store.rs */; };
		F4A2F9DC97CF53F2649C2F64 /* PublicAccessSection.swift in Sources */ = {isa = PBXBuildFile; fileRef = 0830DA51B1BE82286FA407AB /* PublicAccessSection.swift */; };
		F6CD74C7A3B1D536D6773C20 /* ToolModels.swift in Sources */ = {isa = PBXBuildFile; fileRef = D232DAFA1A392BB5ADD78091 /* ToolModels.swift */; };
		FA624CCECA28D7F68B1C0FF8 /* DefaultUsageService.swift in Sources */ = {isa = PBXBuildFile; fileRef = 2DD2673A9712C55D302564FA /* DefaultUsageService.swift */; };
		FA836AB28B6E7F72C253A49F /* AppVersion.swift in Sources */ = {isa = PBXBuildFile; fileRef = 38BD5BE0A332BCE32A46A463 /* AppVersion.swift */; };
/* End PBXBuildFile section */

/* Begin PBXContainerItemProxy section */
		50768646937BD9B90C68256F /* PBXContainerItemProxy */ = {
			isa = PBXContainerItemProxy;
			containerPortal = 1C9F670E75F4E6A54634D42A /* Project object */;
			proxyType = 1;
			remoteGlobalIDString = FE992FA021F035BA671AB297;
			remoteInfo = AIMenu;
		};
/* End PBXContainerItemProxy section */

/* Begin PBXFileReference section */
		0024622AE4124A8AAF8786F9 /* ProviderPageView.swift */ = {isa = PBXFileReference; lastKnownFileType = sourcecode.swift; path = ProviderPageView.swift; sourceTree = "<group>"; };
		00E0EE08E1645AD783C2DED1 /* ShellCommandRunner.swift */ = {isa = PBXFileReference; lastKnownFileType = sourcecode.swift; path = ShellCommandRunner.swift; sourceTree = "<group>"; };
		01A60F9FBC201EBACCB9D21A /* zh-Hant */ = {isa = PBXFileReference; lastKnownFileType = text.plist.strings; name = "zh-Hant"; path = "zh-Hant.lproj/Localizable.strings"; sourceTree = "<group>"; };
		02F62FFF50C0BF2ECE9417EF /* zh-Hans */ = {isa = PBXFileReference; lastKnownFileType = text.plist.strings; name = "zh-Hans"; path = "zh-Hans.lproj/Localizable.strings"; sourceTree = "<group>"; };
		06F1E6F2CD1F32BE938A10E2 /* Cargo.toml */ = {isa = PBXFileReference; path = Cargo.toml; sourceTree = "<group>"; };
		0830DA51B1BE82286FA407AB /* PublicAccessSection.swift */ = {isa = PBXFileReference; lastKnownFileType = sourcecode.swift; path = PublicAccessSection.swift; sourceTree = "<group>"; };
		0D1996F591AEC73ED65ED1F9 /* CommandRunnerTimeoutTests.swift */ = {isa = PBXFileReference; lastKnownFileType = sourcecode.swift; path = CommandRunnerTimeoutTests.swift; sourceTree = "<group>"; };
		0D6B2C3C5EE8C69065A4ACBE /* de */ = {isa = PBXFileReference; lastKnownFileType = text.plist.strings; name = de; path = de.lproj/Localizable.strings; sourceTree = "<group>"; };
		0FBDA86A5354BD9FDCE671A2 /* AccountRanking.swift */ = {isa = PBXFileReference; lastKnownFileType = sourcecode.swift; path = AccountRanking.swift; sourceTree = "<group>"; };
		1302CF1943B5AEB08D667C6E /* SwiftNativeProxyRuntimeServiceTests.swift */ = {isa = PBXFileReference; lastKnownFileType = sourcecode.swift; path = SwiftNativeProxyRuntimeServiceTests.swift; sourceTree = "<group>"; };
		1659877DCD8B9150D665ED12 /* AuthFileRepositoryTests.swift */ = {isa = PBXFileReference; lastKnownFileType = sourcecode.swift; path = AuthFileRepositoryTests.swift; sourceTree = "<group>"; };
		17E5EFBA0AA212B32AAB6710 /* RepositoryLocator.swift */ = {isa = PBXFileReference; lastKnownFileType = sourcecode.swift; path = RepositoryLocator.swift; sourceTree = "<group>"; };
		188166E91B7ACC3D9D2822D9 /* ProviderCoordinator.swift */ = {isa = PBXFileReference; lastKnownFileType = sourcecode.swift; path = ProviderCoordinator.swift; sourceTree = "<group>"; };
		1928844F787DAA8E86F1AE1A /* PlatformCapabilities.swift */ = {isa = PBXFileReference; lastKnownFileType = sourcecode.swift; path = PlatformCapabilities.swift; sourceTree = "<group>"; };
		1D518BC8C9103B4FD9C16B27 /* FileSystemPaths.swift */ = {isa = PBXFileReference; lastKnownFileType = sourcecode.swift; path = FileSystemPaths.swift; sourceTree = "<group>"; };
		1D7A8A652AC27A5594E0C9A7 /* Cargo.lock */ = {isa = PBXFileReference; path = Cargo.lock; sourceTree = "<group>"; };
		1E9DBE99B4528C42CED746B8 /* SimpleHTTPServer.swift */ = {isa = PBXFileReference; lastKnownFileType = sourcecode.swift; path = SimpleHTTPServer.swift; sourceTree = "<group>"; };
		251BC10FF4D8538941CDC174 /* LocalizationConsistencyTests.swift */ = {isa = PBXFileReference; lastKnownFileType = sourcecode.swift; path = LocalizationConsistencyTests.swift; sourceTree = "<group>"; };
		2843DB9CB43284AFB2E5A459 /* ProxyCoordinator.swift */ = {isa = PBXFileReference; lastKnownFileType = sourcecode.swift; path = ProxyCoordinator.swift; sourceTree = "<group>"; };
		28E2CF5AE0B544874B721FCC /* AppLocale.swift */ = {isa = PBXFileReference; lastKnownFileType = sourcecode.swift; path = AppLocale.swift; sourceTree = "<group>"; };
		2A597D670A72CDE27C08D586 /* usage.rs */ = {isa = PBXFileReference; path = usage.rs; sourceTree = "<group>"; };
		2D0007E157CB217C0A6DD1E7 /* StoreFileRepository.swift */ = {isa = PBXFileReference; lastKnownFileType = sourcecode.swift; path = StoreFileRepository.swift; sourceTree = "<group>"; };
		2DD2673A9712C55D302564FA /* DefaultUsageService.swift */ = {isa = PBXFileReference; lastKnownFileType = sourcecode.swift; path = DefaultUsageService.swift; sourceTree = "<group>"; };
		2E875E904D3ADACBDBF66C1D /* GitHubUpdateService.swift */ = {isa = PBXFileReference; lastKnownFileType = sourcecode.swift; path = GitHubUpdateService.swift; sourceTree = "<group>"; };
		315E6E562A9376AB6D34B744 /* L10n.swift */ = {isa = PBXFileReference; lastKnownFileType = sourcecode.swift; path = L10n.swift; sourceTree = "<group>"; };
		3692DEACD953D34AF240F6ED /* EmptyStateView.swift */ = {isa = PBXFileReference; lastKnownFileType = sourcecode.swift; path = EmptyStateView.swift; sourceTree = "<group>"; };
		38BD5BE0A332BCE32A46A463 /* AppVersion.swift */ = {isa = PBXFileReference; lastKnownFileType = sourcecode.swift; path = AppVersion.swift; sourceTree = "<group>"; };
		3E013D6F6786AE2EA7E9AF59 /* proxy_daemon.rs */ = {isa = PBXFileReference; path = proxy_daemon.rs; sourceTree = "<group>"; };
		3E9D74FD76E0A76EF4AF68AC /* ChatGPTBaseOriginResolver.swift */ = {isa = PBXFileReference; lastKnownFileType = sourcecode.swift; path = ChatGPTBaseOriginResolver.swift; sourceTree = "<group>"; };
		3EB01EB2A0408FB4CA84CDEE /* CodexCLIService.swift */ = {isa = PBXFileReference; lastKnownFileType = sourcecode.swift; path = CodexCLIService.swift; sourceTree = "<group>"; };
		42479015F84989E486D80B6E /* Protocols.swift */ = {isa = PBXFileReference; lastKnownFileType = sourcecode.swift; path = Protocols.swift; sourceTree = "<group>"; };
		4DEC342D5FDC9541EA737668 /* AppContainer.swift */ = {isa = PBXFileReference; lastKnownFileType = sourcecode.swift; path = AppContainer.swift; sourceTree = "<group>"; };
		4FA2F993C0E37A53483FA175 /* it */ = {isa = PBXFileReference; lastKnownFileType = text.plist.strings; name = it; path = it.lproj/Localizable.strings; sourceTree = "<group>"; };
		5000155760C69A6117DF5E08 /* JSONValue.swift */ = {isa = PBXFileReference; lastKnownFileType = sourcecode.swift; path = JSONValue.swift; sourceTree = "<group>"; };
		54944E5E848D062E524900CF /* SectionCard.swift */ = {isa = PBXFileReference; lastKnownFileType = sourcecode.swift; path = SectionCard.swift; sourceTree = "<group>"; };
		54BDCA2C85944483297EEA6B /* VersionComparatorTests.swift */ = {isa = PBXFileReference; lastKnownFileType = sourcecode.swift; path = VersionComparatorTests.swift; sourceTree = "<group>"; };
		5C4EB189FA13DC18FA698AFB /* NoticeBanner.swift */ = {isa = PBXFileReference; lastKnownFileType = sourcecode.swift; path = NoticeBanner.swift; sourceTree = "<group>"; };
		5EC532E4550CA13411FE5A4B /* ProviderModels.swift */ = {isa = PBXFileReference; lastKnownFileType = sourcecode.swift; path = ProviderModels.swift; sourceTree = "<group>"; };
		5F5229A7F5573D51E6740E23 /* UsageWindowSelector.swift */ = {isa = PBXFileReference; lastKnownFileType = sourcecode.swift; path = UsageWindowSelector.swift; sourceTree = "<group>"; };
		615AE055972ED222439110F8 /* AppSettingsCodableTests.swift */ = {isa = PBXFileReference; lastKnownFileType = sourcecode.swift; path = AppSettingsCodableTests.swift; sourceTree = "<group>"; };
		6190BE90C3A6928AE092B876 /* utils.rs */ = {isa = PBXFileReference; path = utils.rs; sourceTree = "<group>"; };
		653983E38A29ACAB094FCB48 /* store.rs */ = {isa = PBXFileReference; path = store.rs; sourceTree = "<group>"; };
		6649CF1B9E1CA80D5522A9A6 /* AccountsPageModel.swift */ = {isa = PBXFileReference; lastKnownFileType = sourcecode.swift; path = AccountsPageModel.swift; sourceTree = "<group>"; };
		673441EA643693821EED4FE6 /* AIMenuApp.swift */ = {isa = PBXFileReference; lastKnownFileType = sourcecode.swift; path = AIMenuApp.swift; sourceTree = "<group>"; };
		6F7773BF15842584806B0A84 /* ru */ = {isa = PBXFileReference; lastKnownFileType = text.plist.strings; name = ru; path = ru.lproj/Localizable.strings; sourceTree = "<group>"; };
		7296C82EB9955D9DB121C940 /* AuthFileRepository.swift */ = {isa = PBXFileReference; lastKnownFileType = sourcecode.swift; path = AuthFileRepository.swift; sourceTree = "<group>"; };
		7330DEB6FA1EF79E17366359 /* DefaultWorkspaceMetadataService.swift */ = {isa = PBXFileReference; lastKnownFileType = sourcecode.swift; path = DefaultWorkspaceMetadataService.swift; sourceTree = "<group>"; };
		7AA20CF2CE8BAE80E1447086 /* en */ = {isa = PBXFileReference; lastKnownFileType = text.plist.strings; name = en; path = en.lproj/Localizable.strings; sourceTree = "<group>"; };
		85BEA62E5EB96361AD117627 /* AccountsCoordinatorTests.swift */ = {isa = PBXFileReference; lastKnownFileType = sourcecode.swift; path = AccountsCoordinatorTests.swift; sourceTree = "<group>"; };
		8644DF48AF768B1D855A3404 /* AppError.swift */ = {isa = PBXFileReference; lastKnownFileType = sourcecode.swift; path = AppError.swift; sourceTree = "<group>"; };
		88EA6ECB13116EC2FBC3C384 /* TrayMenuModel.swift */ = {isa = PBXFileReference; lastKnownFileType = sourcecode.swift; path = TrayMenuModel.swift; sourceTree = "<group>"; };
		8B90210EB2AAD603950A607C /* AccountsPageView.swift */ = {isa = PBXFileReference; lastKnownFileType = sourcecode.swift; path = AccountsPageView.swift; sourceTree = "<group>"; };
		90255D0425196173B702CB66 /* AIMenuTests.xctest */ = {isa = PBXFileReference; explicitFileType = wrapper.cfbundle; includeInIndex = 0; path = AIMenuTests.xctest; sourceTree = BUILT_PRODUCTS_DIR; };
		906F433E9E25A6366AF39AD7 /* state.rs */ = {isa = PBXFileReference; path = state.rs; sourceTree = "<group>"; };
		9090C039D079FF4CE2D888F7 /* ko */ = {isa = PBXFileReference; lastKnownFileType = text.plist.strings; name = ko; path = ko.lproj/Localizable.strings; sourceTree = "<group>"; };
		962E931E377964D0704D3809 /* SystemDateProvider.swift */ = {isa = PBXFileReference; lastKnownFileType = sourcecode.swift; path = SystemDateProvider.swift; sourceTree = "<group>"; };
		96C85B608B5A700CC8557EC2 /* AccountRankingTests.swift */ = {isa = PBXFileReference; lastKnownFileType = sourcecode.swift; path = AccountRankingTests.swift; sourceTree = "<group>"; };
		975800F0AD21824941F02AD3 /* AccountsCoordinator.swift */ = {isa = PBXFileReference; lastKnownFileType = sourcecode.swift; path = AccountsCoordinator.swift; sourceTree = "<group>"; };
		97D79696C6A34BCD8B3C05C1 /* AIMenu.icon */ = {isa = PBXFileReference; lastKnownFileType = wrapper.icon; path = AIMenu.icon; sourceTree = "<group>"; };
		9A29E078EE5498D6C73925F4 /* ja */ = {isa = PBXFileReference; lastKnownFileType = text.plist.strings; name = ja; path = ja.lproj/Localizable.strings; sourceTree = "<group>"; };
		9D3340D9F24E63B0B31749E2 /* UpdateCoordinator.swift */ = {isa = PBXFileReference; lastKnownFileType = sourcecode.swift; path = UpdateCoordinator.swift; sourceTree = "<group>"; };
		A146C7576AB39EFCD658BFED /* AppLocaleTests.swift */ = {isa = PBXFileReference; lastKnownFileType = sourcecode.swift; path = AppLocaleTests.swift; sourceTree = "<group>"; };
		A1DA670CD43B2B655D3DEE57 /* fr */ = {isa = PBXFileReference; lastKnownFileType = text.plist.strings; name = fr; path = fr.lproj/Localizable.strings; sourceTree = "<group>"; };
		A4646C4F038F28A5B638A6FB /* AIMenu.app */ = {isa = PBXFileReference; explicitFileType = wrapper.application; includeInIndex = 0; path = AIMenu.app; sourceTree = BUILT_PRODUCTS_DIR; };
		A98891331D331EAF492A366E /* ProviderPageModel.swift */ = {isa = PBXFileReference; lastKnownFileType = sourcecode.swift; path = ProviderPageModel.swift; sourceTree = "<group>"; };
		C1C2D3E4F5A60718293A4B5C /* Cursor2APIService.swift */ = {isa = PBXFileReference; lastKnownFileType = sourcecode.swift; path = Cursor2APIService.swift; sourceTree = "<group>"; };
		AB56BDF9685A258D5CD4C18A /* OpencodeAuthSyncService.swift */ = {isa = PBXFileReference; lastKnownFileType = sourcecode.swift; path = OpencodeAuthSyncService.swift; sourceTree = "<group>"; };
		ABA9BFA372D06F0D79462C15 /* ProviderConfigService.swift */ = {isa = PBXFileReference; lastKnownFileType = sourcecode.swift; path = ProviderConfigService.swift; sourceTree = "<group>"; };
		AEFA55BDFB126AF96635B8E7 /* ToolsPageView.swift */ = {isa = PBXFileReference; lastKnownFileType = sourcecode.swift; path = ToolsPageView.swift; sourceTree = "<group>"; };
		AF3990C942090A68CBEDDDE1 /* RootScene.swift */ = {isa = PBXFileReference; lastKnownFileType = sourcecode.swift; path = RootScene.swift; sourceTree = "<group>"; };
		B7B61BD243C65F84D47C5E07 /* SettingsPageView.swift */ = {isa = PBXFileReference; lastKnownFileType = sourcecode.swift; path = SettingsPageView.swift; sourceTree = "<group>"; };
		BCFDDF034C6446339DDFAF9B /* LaunchAtStartupService.swift */ = {isa = PBXFileReference; lastKnownFileType = sourcecode.swift; path = LaunchAtStartupService.swift; sourceTree = "<group>"; };
		C10E7339F7656FE20240B3B8 /* UsageWindowSelectorTests.swift */ = {isa = PBXFileReference; lastKnownFileType = sourcecode.swift; path = UsageWindowSelectorTests.swift; sourceTree = "<group>"; };
		C139AC44A9986277E75FA765 /* CloudflaredService.swift */ = {isa = PBXFileReference; lastKnownFileType = sourcecode.swift; path = CloudflaredService.swift; sourceTree = "<group>"; };
		C36FDB8D2542926806D5B265 /* ViewState.swift */ = {isa = PBXFileReference; lastKnownFileType = sourcecode.swift; path = ViewState.swift; sourceTree = "<group>"; };
		C4F7246044D6E322F548D954 /* OpenAIChatGPTOAuthLoginService.swift */ = {isa = PBXFileReference; lastKnownFileType = sourcecode.swift; path = OpenAIChatGPTOAuthLoginService.swift; sourceTree = "<group>"; };
		C5358263820EB410620C79AB /* EditorAppService.swift */ = {isa = PBXFileReference; lastKnownFileType = sourcecode.swift; path = EditorAppService.swift; sourceTree = "<group>"; };
		D16220C69646464B343B782F /* auth.rs */ = {isa = PBXFileReference; path = auth.rs; sourceTree = "<group>"; };
		D232DAFA1A392BB5ADD78091 /* ToolModels.swift */ = {isa = PBXFileReference; lastKnownFileType = sourcecode.swift; path = ToolModels.swift; sourceTree = "<group>"; };
		D3AE6ECBCE990356DEB5BBE0 /* ProxyPageView.swift */ = {isa = PBXFileReference; lastKnownFileType = sourcecode.swift; path = ProxyPageView.swift; sourceTree = "<group>"; };
		D42AE96D25E97F39B6AAB9A8 /* ProxyPageModel.swift */ = {isa = PBXFileReference; lastKnownFileType = sourcecode.swift; path = ProxyPageModel.swift; sourceTree = "<group>"; };
		D593B8E21B1B66A64179E605 /* Notice.swift */ = {isa = PBXFileReference; lastKnownFileType = sourcecode.swift; path = Notice.swift; sourceTree = "<group>"; };
		D97DE818E2B47EBF28DFEA3D /* figure.pool.swim.png */ = {isa = PBXFileReference; lastKnownFileType = image.png; path = figure.pool.swim.png; sourceTree = "<group>"; };
		DBF9C8262357FD7DC9AA4855 /* SettingsPageModel.swift */ = {isa = PBXFileReference; lastKnownFileType = sourcecode.swift; path = SettingsPageModel.swift; sourceTree = "<group>"; };
		D1C2D3E4F5A60718293A4B5C /* PortManagementService.swift */ = {isa = PBXFileReference; lastKnownFileType = sourcecode.swift; path = PortManagementService.swift; sourceTree = "<group>"; };
		DF11B93A2C05CC3B851D671A /* StoreFileRepositoryTests.swift */ = {isa = PBXFileReference; lastKnownFileType = sourcecode.swift; path = StoreFileRepositoryTests.swift; sourceTree = "<group>"; };
		E072B2DEE9973F725135D145 /* SwiftNativeProxyRuntimeService.swift */ = {isa = PBXFileReference; lastKnownFileType = sourcecode.swift; path = SwiftNativeProxyRuntimeService.swift; sourceTree = "<group>"; };
		E2700A142EED2C109BC86E25 /* main.rs */ = {isa = PBXFileReference; path = main.rs; sourceTree = "<group>"; };
		E28E156763C3146AB652184A /* nl */ = {isa = PBXFileReference; lastKnownFileType = text.plist.strings; name = nl; path = nl.lproj/Localizable.strings; sourceTree = "<group>"; };
		E4162DC26A19B885777C3431 /* Models.swift */ = {isa = PBXFileReference; lastKnownFileType = sourcecode.swift; path = Models.swift; sourceTree = "<group>"; };
		E4B63498B5FFF2C0A83946BF /* ProxyRuntimeLimits.swift */ = {isa = PBXFileReference; lastKnownFileType = sourcecode.swift; path = ProxyRuntimeLimits.swift; sourceTree = "<group>"; };
		E6318743D5B32C4FA1244FAD /* LiquidProgressMetricsTests.swift */ = {isa = PBXFileReference; lastKnownFileType = sourcecode.swift; path = LiquidProgressMetricsTests.swift; sourceTree = "<group>"; };
		E6BA02C226189FD41DD7CDCE /* ProviderPresets.swift */ = {isa = PBXFileReference; lastKnownFileType = sourcecode.swift; path = ProviderPresets.swift; sourceTree = "<group>"; };
		EBC562226CDA114F63F5E91A /* SettingsCoordinator.swift */ = {isa = PBXFileReference; lastKnownFileType = sourcecode.swift; path = SettingsCoordinator.swift; sourceTree = "<group>"; };
		ECE624821FB137E8DB3711AD /* LayoutRules.swift */ = {isa = PBXFileReference; lastKnownFileType = sourcecode.swift; path = LayoutRules.swift; sourceTree = "<group>"; };
		F00B169A84CCB2331F8DB75E /* es */ = {isa = PBXFileReference; lastKnownFileType = text.plist.strings; name = es; path = es.lproj/Localizable.strings; sourceTree = "<group>"; };
		F0A29A83A4B7A08CF8B3CADE /* ToolsPageModel.swift */ = {isa = PBXFileReference; lastKnownFileType = sourcecode.swift; path = ToolsPageModel.swift; sourceTree = "<group>"; };
		F5B56AEDF3689EA6421720B2 /* ProxyPageModelTests.swift */ = {isa = PBXFileReference; lastKnownFileType = sourcecode.swift; path = ProxyPageModelTests.swift; sourceTree = "<group>"; };
		FAECC20A0EA2A2E024BEFA9E /* models.rs */ = {isa = PBXFileReference; path = models.rs; sourceTree = "<group>"; };
		FEB8F849524A5B828F5C0F7F /* proxy_service.rs */ = {isa = PBXFileReference; path = proxy_service.rs; sourceTree = "<group>"; };
/* End PBXFileReference section */

/* Begin PBXGroup section */
		07E61199B0F1DFC3059FE633 /* App */ = {
			isa = PBXGroup;
			children = (
				4DEC342D5FDC9541EA737668 /* AppContainer.swift */,
				38BD5BE0A332BCE32A46A463 /* AppVersion.swift */,
				AF3990C942090A68CBEDDDE1 /* RootScene.swift */,
				88EA6ECB13116EC2FBC3C384 /* TrayMenuModel.swift */,
			);
			path = App;
			sourceTree = "<group>";
		};
		111E7C58383670E4D051A403 /* Infrastructure */ = {
			isa = PBXGroup;
			children = (
				7296C82EB9955D9DB121C940 /* AuthFileRepository.swift */,
				3E9D74FD76E0A76EF4AF68AC /* ChatGPTBaseOriginResolver.swift */,
				C139AC44A9986277E75FA765 /* CloudflaredService.swift */,
				3EB01EB2A0408FB4CA84CDEE /* CodexCLIService.swift */,
				C1C2D3E4F5A60718293A4B5C /* Cursor2APIService.swift */,
				2DD2673A9712C55D302564FA /* DefaultUsageService.swift */,
				7330DEB6FA1EF79E17366359 /* DefaultWorkspaceMetadataService.swift */,
				C5358263820EB410620C79AB /* EditorAppService.swift */,
				1D518BC8C9103B4FD9C16B27 /* FileSystemPaths.swift */,
				2E875E904D3ADACBDBF66C1D /* GitHubUpdateService.swift */,
				BCFDDF034C6446339DDFAF9B /* LaunchAtStartupService.swift */,
				C4F7246044D6E322F548D954 /* OpenAIChatGPTOAuthLoginService.swift */,
				AB56BDF9685A258D5CD4C18A /* OpencodeAuthSyncService.swift */,
				D1C2D3E4F5A60718293A4B5C /* PortManagementService.swift */,
				ABA9BFA372D06F0D79462C15 /* ProviderConfigService.swift */,
				17E5EFBA0AA212B32AAB6710 /* RepositoryLocator.swift */,
				00E0EE08E1645AD783C2DED1 /* ShellCommandRunner.swift */,
				1E9DBE99B4528C42CED746B8 /* SimpleHTTPServer.swift */,
				2D0007E157CB217C0A6DD1E7 /* StoreFileRepository.swift */,
				E072B2DEE9973F725135D145 /* SwiftNativeProxyRuntimeService.swift */,
				962E931E377964D0704D3809 /* SystemDateProvider.swift */,
			);
			path = Infrastructure;
			sourceTree = "<group>";
		};
		13B9B7D065EC163864669F1E /* Behavior */ = {
			isa = PBXGroup;
			children = (
				0FBDA86A5354BD9FDCE671A2 /* AccountRanking.swift */,
				975800F0AD21824941F02AD3 /* AccountsCoordinator.swift */,
				188166E91B7ACC3D9D2822D9 /* ProviderCoordinator.swift */,
				2843DB9CB43284AFB2E5A459 /* ProxyCoordinator.swift */,
				EBC562226CDA114F63F5E91A /* SettingsCoordinator.swift */,
				9D3340D9F24E63B0B31749E2 /* UpdateCoordinator.swift */,
				5F5229A7F5573D51E6740E23 /* UsageWindowSelector.swift */,
			);
			path = Behavior;
			sourceTree = "<group>";
		};
		18F9F7EDE5720DCB562AE727 /* proxyd-src */ = {
			isa = PBXGroup;
			children = (
				85C2A2A0E67323C57A097D1B /* proxyd */,
				65AAF460E4602FC17BBDB665 /* src */,
			);
			path = "proxyd-src";
			sourceTree = "<group>";
		};
		33C29BE5145DF4C16DE87958 /* AIMenu */ = {
			isa = PBXGroup;
			children = (
				97D79696C6A34BCD8B3C05C1 /* AIMenu.icon */,
				673441EA643693821EED4FE6 /* AIMenuApp.swift */,
				07E61199B0F1DFC3059FE633 /* App */,
				13B9B7D065EC163864669F1E /* Behavior */,
				5FD8EC0D7CFA39F354A2D9B6 /* Domain */,
				9B7B3678D874ECC1464B23F5 /* Features */,
				111E7C58383670E4D051A403 /* Infrastructure */,
				FC4F13D34AE18456E8CBC452 /* Layout */,
				52D5EDE01F54F64772B354C1 /* Resources */,
				3B298936AB9E31995FC54DFA /* UI */,
			);
			path = AIMenu;
			sourceTree = "<group>";
		};
		3B298936AB9E31995FC54DFA /* UI */ = {
			isa = PBXGroup;
			children = (
				3692DEACD953D34AF240F6ED /* EmptyStateView.swift */,
				5C4EB189FA13DC18FA698AFB /* NoticeBanner.swift */,
				54944E5E848D062E524900CF /* SectionCard.swift */,
			);
			path = UI;
			sourceTree = "<group>";
		};
		47D899DC3BCAAB6AE9641372 /* Tools */ = {
			isa = PBXGroup;
			children = (
				F0A29A83A4B7A08CF8B3CADE /* ToolsPageModel.swift */,
				AEFA55BDFB126AF96635B8E7 /* ToolsPageView.swift */,
			);
			path = Tools;
			sourceTree = "<group>";
		};
		52D5EDE01F54F64772B354C1 /* Resources */ = {
			isa = PBXGroup;
			children = (
				D97DE818E2B47EBF28DFEA3D /* figure.pool.swim.png */,
				B200F10CE9F433B769723734 /* Localizable.strings */,
				18F9F7EDE5720DCB562AE727 /* proxyd-src */,
			);
			path = Resources;
			sourceTree = "<group>";
		};
		596621B3395F4D9CF54DC584 /* Settings */ = {
			isa = PBXGroup;
			children = (
				DBF9C8262357FD7DC9AA4855 /* SettingsPageModel.swift */,
				B7B61BD243C65F84D47C5E07 /* SettingsPageView.swift */,
			);
			path = Settings;
			sourceTree = "<group>";
		};
		5A8DA15AC30876400A34EC71 /* Providers */ = {
			isa = PBXGroup;
			children = (
				A98891331D331EAF492A366E /* ProviderPageModel.swift */,
				0024622AE4124A8AAF8786F9 /* ProviderPageView.swift */,
			);
			path = Providers;
			sourceTree = "<group>";
		};
		5C54B5BE2BF9D7A86FF3D780 /* Accounts */ = {
			isa = PBXGroup;
			children = (
				6649CF1B9E1CA80D5522A9A6 /* AccountsPageModel.swift */,
				8B90210EB2AAD603950A607C /* AccountsPageView.swift */,
			);
			path = Accounts;
			sourceTree = "<group>";
		};
		5FD8EC0D7CFA39F354A2D9B6 /* Domain */ = {
			isa = PBXGroup;
			children = (
				8644DF48AF768B1D855A3404 /* AppError.swift */,
				28E2CF5AE0B544874B721FCC /* AppLocale.swift */,
				5000155760C69A6117DF5E08 /* JSONValue.swift */,
				315E6E562A9376AB6D34B744 /* L10n.swift */,
				E4162DC26A19B885777C3431 /* Models.swift */,
				D593B8E21B1B66A64179E605 /* Notice.swift */,
				1928844F787DAA8E86F1AE1A /* PlatformCapabilities.swift */,
				42479015F84989E486D80B6E /* Protocols.swift */,
				5EC532E4550CA13411FE5A4B /* ProviderModels.swift */,
				E6BA02C226189FD41DD7CDCE /* ProviderPresets.swift */,
				E4B63498B5FFF2C0A83946BF /* ProxyRuntimeLimits.swift */,
				D232DAFA1A392BB5ADD78091 /* ToolModels.swift */,
				C36FDB8D2542926806D5B265 /* ViewState.swift */,
			);
			path = Domain;
			sourceTree = "<group>";
		};
		61ABB665D8EEFB801496C8E0 /* Sources */ = {
			isa = PBXGroup;
			children = (
				33C29BE5145DF4C16DE87958 /* AIMenu */,
			);
			path = Sources;
			sourceTree = "<group>";
		};
		62D87CB147F6D0BC723A7DF8 = {
			isa = PBXGroup;
			children = (
				61ABB665D8EEFB801496C8E0 /* Sources */,
				8457A8D504EDC45E06DCA711 /* Tests */,
				8734C8B1AE58B1A330F554D9 /* Products */,
			);
			sourceTree = "<group>";
		};
		65AAF460E4602FC17BBDB665 /* src */ = {
			isa = PBXGroup;
			children = (
				D16220C69646464B343B782F /* auth.rs */,
				FAECC20A0EA2A2E024BEFA9E /* models.rs */,
				3E013D6F6786AE2EA7E9AF59 /* proxy_daemon.rs */,
				FEB8F849524A5B828F5C0F7F /* proxy_service.rs */,
				906F433E9E25A6366AF39AD7 /* state.rs */,
				653983E38A29ACAB094FCB48 /* store.rs */,
				2A597D670A72CDE27C08D586 /* usage.rs */,
				6190BE90C3A6928AE092B876 /* utils.rs */,
			);
			path = src;
			sourceTree = "<group>";
		};
		7945168F374C6B9A9C74FCB8 /* src */ = {
			isa = PBXGroup;
			children = (
				E2700A142EED2C109BC86E25 /* main.rs */,
			);
			path = src;
			sourceTree = "<group>";
		};
		8457A8D504EDC45E06DCA711 /* Tests */ = {
			isa = PBXGroup;
			children = (
				C9AC7B49928FE751CD24CA38 /* AIMenuTests */,
			);
			path = Tests;
			sourceTree = "<group>";
		};
		8495462C524B0C9B515D2F1A /* Proxy */ = {
			isa = PBXGroup;
			children = (
				D42AE96D25E97F39B6AAB9A8 /* ProxyPageModel.swift */,
				D3AE6ECBCE990356DEB5BBE0 /* ProxyPageView.swift */,
				0830DA51B1BE82286FA407AB /* PublicAccessSection.swift */,
			);
			path = Proxy;
			sourceTree = "<group>";
		};
		85C2A2A0E67323C57A097D1B /* proxyd */ = {
			isa = PBXGroup;
			children = (
				1D7A8A652AC27A5594E0C9A7 /* Cargo.lock */,
				06F1E6F2CD1F32BE938A10E2 /* Cargo.toml */,
				7945168F374C6B9A9C74FCB8 /* src */,
			);
			path = proxyd;
			sourceTree = "<group>";
		};
		8734C8B1AE58B1A330F554D9 /* Products */ = {
			isa = PBXGroup;
			children = (
				A4646C4F038F28A5B638A6FB /* AIMenu.app */,
				90255D0425196173B702CB66 /* AIMenuTests.xctest */,
			);
			name = Products;
			sourceTree = "<group>";
		};
		9B7B3678D874ECC1464B23F5 /* Features */ = {
			isa = PBXGroup;
			children = (
				5C54B5BE2BF9D7A86FF3D780 /* Accounts */,
				5A8DA15AC30876400A34EC71 /* Providers */,
				8495462C524B0C9B515D2F1A /* Proxy */,
				596621B3395F4D9CF54DC584 /* Settings */,
				47D899DC3BCAAB6AE9641372 /* Tools */,
			);
			path = Features;
			sourceTree = "<group>";
		};
		C9AC7B49928FE751CD24CA38 /* AIMenuTests */ = {
			isa = PBXGroup;
			children = (
				96C85B608B5A700CC8557EC2 /* AccountRankingTests.swift */,
				85BEA62E5EB96361AD117627 /* AccountsCoordinatorTests.swift */,
				A146C7576AB39EFCD658BFED /* AppLocaleTests.swift */,
				615AE055972ED222439110F8 /* AppSettingsCodableTests.swift */,
				1659877DCD8B9150D665ED12 /* AuthFileRepositoryTests.swift */,
				0D1996F591AEC73ED65ED1F9 /* CommandRunnerTimeoutTests.swift */,
				E6318743D5B32C4FA1244FAD /* LiquidProgressMetricsTests.swift */,
				251BC10FF4D8538941CDC174 /* LocalizationConsistencyTests.swift */,
				F5B56AEDF3689EA6421720B2 /* ProxyPageModelTests.swift */,
				DF11B93A2C05CC3B851D671A /* StoreFileRepositoryTests.swift */,
				1302CF1943B5AEB08D667C6E /* SwiftNativeProxyRuntimeServiceTests.swift */,
				C10E7339F7656FE20240B3B8 /* UsageWindowSelectorTests.swift */,
				54BDCA2C85944483297EEA6B /* VersionComparatorTests.swift */,
			);
			path = AIMenuTests;
			sourceTree = "<group>";
		};
		FC4F13D34AE18456E8CBC452 /* Layout */ = {
			isa = PBXGroup;
			children = (
				ECE624821FB137E8DB3711AD /* LayoutRules.swift */,
			);
			path = Layout;
			sourceTree = "<group>";
		};
/* End PBXGroup section */

/* Begin PBXNativeTarget section */
		3EBBD4883F32E94097730AC9 /* AIMenuTests */ = {
			isa = PBXNativeTarget;
			buildConfigurationList = E83C33B36F807C0A2EE9404F /* Build configuration list for PBXNativeTarget "AIMenuTests" */;
			buildPhases = (
				56D6C0F0A9D6D6D527A367AF /* Sources */,
			);
			buildRules = (
			);
			dependencies = (
				391B2EF0CB77DBAF6F22B582 /* PBXTargetDependency */,
			);
			name = AIMenuTests;
			packageProductDependencies = (
			);
			productName = AIMenuTests;
			productReference = 90255D0425196173B702CB66 /* AIMenuTests.xctest */;
			productType = "com.apple.product-type.bundle.unit-test";
		};
		FE992FA021F035BA671AB297 /* AIMenu */ = {
			isa = PBXNativeTarget;
			buildConfigurationList = 4866ECE00666C9CD90B9649C /* Build configuration list for PBXNativeTarget "AIMenu" */;
			buildPhases = (
				B5878CD9780E2ADEA4EC9D37 /* Sources */,
				D78B47AB5F9A1A8C8ACC3B11 /* Resources */,
			);
			buildRules = (
			);
			dependencies = (
			);
			name = AIMenu;
			packageProductDependencies = (
			);
			productName = AIMenu;
			productReference = A4646C4F038F28A5B638A6FB /* AIMenu.app */;
			productType = "com.apple.product-type.application";
		};
/* End PBXNativeTarget section */

/* Begin PBXProject section */
		1C9F670E75F4E6A54634D42A /* Project object */ = {
			isa = PBXProject;
			attributes = {
				BuildIndependentTargetsInParallel = YES;
				LastUpgradeCheck = 1430;
				TargetAttributes = {
					FE992FA021F035BA671AB297 = {
						ProvisioningStyle = Automatic;
					};
				};
			};
			buildConfigurationList = 5C39D8900AF171AF4FE72248 /* Build configuration list for PBXProject "AIMenu" */;
			developmentRegion = en;
			hasScannedForEncodings = 0;
			knownRegions = (
				Base,
				de,
				en,
				es,
				fr,
				it,
				ja,
				ko,
				nl,
				ru,
				"zh-Hans",
				"zh-Hant",
			);
			mainGroup = 62D87CB147F6D0BC723A7DF8;
			minimizedProjectReferenceProxies = 1;
			preferredProjectObjectVersion = 77;
			productRefGroup = 8734C8B1AE58B1A330F554D9 /* Products */;
			projectDirPath = "";
			projectRoot = "";
			targets = (
				FE992FA021F035BA671AB297 /* AIMenu */,
				3EBBD4883F32E94097730AC9 /* AIMenuTests */,
			);
		};
/* End PBXProject section */

/* Begin PBXResourcesBuildPhase section */
		D78B47AB5F9A1A8C8ACC3B11 /* Resources */ = {
			isa = PBXResourcesBuildPhase;
			buildActionMask = 2147483647;
			files = (
				892F210DBC6C53459E6EBE20 /* Cargo.lock in Resources */,
				0A211B816427E58E3878715A /* Cargo.toml in Resources */,
				77F129ACAC53652FC1D928BB /* AIMenu.icon in Resources */,
				8E1F5360E158E01D0A36046D /* Localizable.strings in Resources */,
				9ED52999272DAB575FAD8157 /* auth.rs in Resources */,
				B1D5612DF2DA63BE81C96320 /* figure.pool.swim.png in Resources */,
				BDEFAC6E557915562EA5D5A2 /* main.rs in Resources */,
				366BB64F586C3259C64EFC29 /* models.rs in Resources */,
				037DB8B9A2A1E5FA00C16E1E /* proxy_daemon.rs in Resources */,
				BCC005ABF70C814EF0159CAD /* proxy_service.rs in Resources */,
				E602C264D4C5549D20D359D2 /* state.rs in Resources */,
				E819DD760F7DDD030107C454 /* store.rs in Resources */,
				16AF52DED4DD5AE588B64368 /* usage.rs in Resources */,
				68A1228957522AF14BEF1006 /* utils.rs in Resources */,
			);
			runOnlyForDeploymentPostprocessing = 0;
		};
/* End PBXResourcesBuildPhase section */

/* Begin PBXSourcesBuildPhase section */
		56D6C0F0A9D6D6D527A367AF /* Sources */ = {
			isa = PBXSourcesBuildPhase;
			buildActionMask = 2147483647;
			files = (
				062663E216F4946D6600D1CE /* AccountRankingTests.swift in Sources */,
				C1689CF8BC0D6EBC84B515ED /* AccountsCoordinatorTests.swift in Sources */,
				0797784F1F471715624CA9CD /* AppLocaleTests.swift in Sources */,
				B02FB96AC2AA18DA0EE1FE21 /* AppSettingsCodableTests.swift in Sources */,
				92F681D52C5A373D81950C05 /* AuthFileRepositoryTests.swift in Sources */,
				BAC63D41038D37A503641728 /* CommandRunnerTimeoutTests.swift in Sources */,
				50922F8C48CF01B728AD262F /* LiquidProgressMetricsTests.swift in Sources */,
				4353553A171096B9C9653258 /* LocalizationConsistencyTests.swift in Sources */,
				98E465C8F8BAA05142221C0D /* ProxyPageModelTests.swift in Sources */,
				137463A0132E4160501DD2AC /* StoreFileRepositoryTests.swift in Sources */,
				634D954799F1968A5D418EA2 /* SwiftNativeProxyRuntimeServiceTests.swift in Sources */,
				E11DCC850FA489BD46094EE0 /* UsageWindowSelectorTests.swift in Sources */,
				D41A90108E94AFB1E9B1A818 /* VersionComparatorTests.swift in Sources */,
			);
			runOnlyForDeploymentPostprocessing = 0;
		};
		B5878CD9780E2ADEA4EC9D37 /* Sources */ = {
			isa = PBXSourcesBuildPhase;
			buildActionMask = 2147483647;
			files = (
				DCD28B83E4C2D0294C831627 /* AccountRanking.swift in Sources */,
				08E6BB21C1E6371C4D7C56A9 /* AccountsCoordinator.swift in Sources */,
				54F5A32512F8226641F0655E /* AccountsPageModel.swift in Sources */,
				137936A0518C78C5549E919E /* AccountsPageView.swift in Sources */,
				A39DE0252B7DE1B089DB14D1 /* AppContainer.swift in Sources */,
				A7144A42D2FC21D789B3FB49 /* AppError.swift in Sources */,
				93F291DBC9FD57E847EB6519 /* AppLocale.swift in Sources */,
				FA836AB28B6E7F72C253A49F /* AppVersion.swift in Sources */,
				53243CFFBC40F306DCE9ED45 /* AuthFileRepository.swift in Sources */,
				9D08A700556999940540E4DE /* ChatGPTBaseOriginResolver.swift in Sources */,
				8A97DF56318AACE5DA7A07A7 /* CloudflaredService.swift in Sources */,
				341FC56FB803E4544D4928E3 /* CodexCLIService.swift in Sources */,
				A1C2D3E4F5A60718293A4B5C /* Cursor2APIService.swift in Sources */,
				39796A30063610AC0A5579C5 /* AIMenuApp.swift in Sources */,
				FA624CCECA28D7F68B1C0FF8 /* DefaultUsageService.swift in Sources */,
				32609F6B746B4F4CC1867CEB /* DefaultWorkspaceMetadataService.swift in Sources */,
				CA37BD95DACA443113BF6EC6 /* EditorAppService.swift in Sources */,
				C0040E924E495A9B4DCF7EBE /* EmptyStateView.swift in Sources */,
				D0D721335F066D21AAAD652D /* FileSystemPaths.swift in Sources */,
				75C5CBC7206160F013685830 /* GitHubUpdateService.swift in Sources */,
				4340388029808F096EA1D252 /* JSONValue.swift in Sources */,
				BB02DFA1719016AB591B43B5 /* L10n.swift in Sources */,
				D54AF4961D9E393B51DACD16 /* LaunchAtStartupService.swift in Sources */,
				17D19163BCCA0B5770E5BDE0 /* LayoutRules.swift in Sources */,
				6309AA260295ACA2C7F0E29B /* Models.swift in Sources */,
				4389F9981E6B19B863CA31F9 /* Notice.swift in Sources */,
				BAA8370E04EE38AD6F28F62E /* NoticeBanner.swift in Sources */,
				63EF6C5310182A8B5DB70D66 /* OpenAIChatGPTOAuthLoginService.swift in Sources */,
				683DA0BB33E165DCFEFE8633 /* OpencodeAuthSyncService.swift in Sources */,
				B1C2D3E4F5A60718293A4B5C /* PortManagementService.swift in Sources */,
				BA5B276B09B95CA7284CDFA2 /* PlatformCapabilities.swift in Sources */,
				7F539ED7076B2EA02CB6788C /* Protocols.swift in Sources */,
				AF82A89745158717E2962E1F /* ProviderConfigService.swift in Sources */,
				5933C4A2BC120F4AE40F7109 /* ProviderCoordinator.swift in Sources */,
				AC282DD5D81DBE4A5010E1E1 /* ProviderModels.swift in Sources */,
				DD61ECC2C6E49026F26CF17A /* ProviderPageModel.swift in Sources */,
				A89EE3D38EE2A5065FB15201 /* ProviderPageView.swift in Sources */,
				56263AAC5C05EA4E01D2FF4D /* ProviderPresets.swift in Sources */,
				1FF5A858AFC00A862295F943 /* ProxyCoordinator.swift in Sources */,
				AEEEE6E52FAC04AFF97354C1 /* ProxyPageModel.swift in Sources */,
				D0611DC1C82F7B37B8D91040 /* ProxyPageView.swift in Sources */,
				4C2E52A903F7EAFC222BAA3B /* ProxyRuntimeLimits.swift in Sources */,
				F4A2F9DC97CF53F2649C2F64 /* PublicAccessSection.swift in Sources */,
				82928E59A44DB5D0A6436A47 /* RepositoryLocator.swift in Sources */,
				08342AB5B372E5D6B5F1B73F /* RootScene.swift in Sources */,
				D6276568AD61117EBF6A0BDF /* SectionCard.swift in Sources */,
				2CA3BD709672017E7414EF48 /* SettingsCoordinator.swift in Sources */,
				67FEEA1796F9BC33A0D57CF6 /* SettingsPageModel.swift in Sources */,
				9BE1D9951912C722CF37BC67 /* SettingsPageView.swift in Sources */,
				46F70E216B2D9F94247190D5 /* ShellCommandRunner.swift in Sources */,
				7614A610947D7CB86C7CDF9C /* SimpleHTTPServer.swift in Sources */,
				4B444A88CAFD9D0E713B7D96 /* StoreFileRepository.swift in Sources */,
				4C1FBCF5ADFC0A5FB2EF814E /* SwiftNativeProxyRuntimeService.swift in Sources */,
				0CC97446577263889F1C8A0C /* SystemDateProvider.swift in Sources */,
				F6CD74C7A3B1D536D6773C20 /* ToolModels.swift in Sources */,
				8E8A2C2234BAB2A8BA085BC5 /* ToolsPageModel.swift in Sources */,
				1D65456D1976E95EA4D43E1E /* ToolsPageView.swift in Sources */,
				D8E9A97C6D5050567CA56736 /* TrayMenuModel.swift in Sources */,
				9F3B31646881F65BD82BC5C9 /* UpdateCoordinator.swift in Sources */,
				8569AB77E801277DA501BD46 /* UsageWindowSelector.swift in Sources */,
				6DE41EF6F476912C967CF60D /* ViewState.swift in Sources */,
			);
			runOnlyForDeploymentPostprocessing = 0;
		};
/* End PBXSourcesBuildPhase section */

/* Begin PBXTargetDependency section */
		391B2EF0CB77DBAF6F22B582 /* PBXTargetDependency */ = {
			isa = PBXTargetDependency;
			target = FE992FA021F035BA671AB297 /* AIMenu */;
			targetProxy = 50768646937BD9B90C68256F /* PBXContainerItemProxy */;
		};
/* End PBXTargetDependency section */

/* Begin PBXVariantGroup section */
		B200F10CE9F433B769723734 /* Localizable.strings */ = {
			isa = PBXVariantGroup;
			children = (
				0D6B2C3C5EE8C69065A4ACBE /* de */,
				7AA20CF2CE8BAE80E1447086 /* en */,
				F00B169A84CCB2331F8DB75E /* es */,
				A1DA670CD43B2B655D3DEE57 /* fr */,
				4FA2F993C0E37A53483FA175 /* it */,
				9A29E078EE5498D6C73925F4 /* ja */,
				9090C039D079FF4CE2D888F7 /* ko */,
				E28E156763C3146AB652184A /* nl */,
				6F7773BF15842584806B0A84 /* ru */,
				02F62FFF50C0BF2ECE9417EF /* zh-Hans */,
				01A60F9FBC201EBACCB9D21A /* zh-Hant */,
			);
			name = Localizable.strings;
			sourceTree = "<group>";
		};
/* End PBXVariantGroup section */

/* Begin XCBuildConfiguration section */
		0C82CBDFE86F63E9A883DAF5 /* Release */ = {
			isa = XCBuildConfiguration;
			buildSettings = {
				ASSETCATALOG_COMPILER_APPICON_NAME = AppIcon;
				CODE_SIGN_STYLE = Automatic;
				COMBINE_HIDPI_IMAGES = YES;
				CURRENT_PROJECT_VERSION = 1;
				GENERATE_INFOPLIST_FILE = YES;
				INFOPLIST_KEY_CFBundleDisplayName = AIMenu;
				INFOPLIST_KEY_CFBundleName = AIMenu;
				INFOPLIST_KEY_LSMinimumSystemVersion = 14.0;
				INFOPLIST_KEY_LSUIElement = YES;
				LD_RUNPATH_SEARCH_PATHS = (
					"$(inherited)",
					"@executable_path/../Frameworks",
				);
				MACOSX_DEPLOYMENT_TARGET = 14.0;
				MARKETING_VERSION = 1.0.0;
				PRODUCT_BUNDLE_IDENTIFIER = com.aimenu.app;
				PRODUCT_NAME = AIMenu;
				SDKROOT = macosx;
			};
			name = Release;
		};
		3FA9C1CC8AF190BFB35AEB0D /* Debug */ = {
			isa = XCBuildConfiguration;
			buildSettings = {
				ASSETCATALOG_COMPILER_APPICON_NAME = AppIcon;
				CODE_SIGN_STYLE = Automatic;
				COMBINE_HIDPI_IMAGES = YES;
				CURRENT_PROJECT_VERSION = 1;
				GENERATE_INFOPLIST_FILE = YES;
				INFOPLIST_KEY_CFBundleDisplayName = AIMenu;
				INFOPLIST_KEY_CFBundleName = AIMenu;
				INFOPLIST_KEY_LSMinimumSystemVersion = 14.0;
				INFOPLIST_KEY_LSUIElement = YES;
				LD_RUNPATH_SEARCH_PATHS = (
					"$(inherited)",
					"@executable_path/../Frameworks",
				);
				MACOSX_DEPLOYMENT_TARGET = 14.0;
				MARKETING_VERSION = 1.0.0;
				PRODUCT_BUNDLE_IDENTIFIER = com.aimenu.app;
				PRODUCT_NAME = AIMenu;
				SDKROOT = macosx;
			};
			name = Debug;
		};
		48DD91B58CAE188E9436240D /* Release */ = {
			isa = XCBuildConfiguration;
			buildSettings = {
				BUNDLE_LOADER = "$(TEST_HOST)";
				COMBINE_HIDPI_IMAGES = YES;
				GENERATE_INFOPLIST_FILE = YES;
				LD_RUNPATH_SEARCH_PATHS = (
					"$(inherited)",
					"@executable_path/../Frameworks",
					"@loader_path/../Frameworks",
				);
				MACOSX_DEPLOYMENT_TARGET = 14.0;
				SDKROOT = macosx;
				TEST_HOST = "$(BUILT_PRODUCTS_DIR)/AIMenu.app/Contents/MacOS/AIMenu";
			};
			name = Release;
		};
		AF366B1F672352A236576205 /* Debug */ = {
			isa = XCBuildConfiguration;
			buildSettings = {
				ALWAYS_SEARCH_USER_PATHS = NO;
				CLANG_ANALYZER_NONNULL = YES;
				CLANG_ANALYZER_NUMBER_OBJECT_CONVERSION = YES_AGGRESSIVE;
				CLANG_CXX_LANGUAGE_STANDARD = "gnu++14";
				CLANG_CXX_LIBRARY = "libc++";
				CLANG_ENABLE_MODULES = YES;
				CLANG_ENABLE_OBJC_ARC = YES;
				CLANG_ENABLE_OBJC_WEAK = YES;
				CLANG_WARN_BLOCK_CAPTURE_AUTORELEASING = YES;
				CLANG_WARN_BOOL_CONVERSION = YES;
				CLANG_WARN_COMMA = YES;
				CLANG_WARN_CONSTANT_CONVERSION = YES;
				CLANG_WARN_DEPRECATED_OBJC_IMPLEMENTATIONS = YES;
				CLANG_WARN_DIRECT_OBJC_ISA_USAGE = YES_ERROR;
				CLANG_WARN_DOCUMENTATION_COMMENTS = YES;
				CLANG_WARN_EMPTY_BODY = YES;
				CLANG_WARN_ENUM_CONVERSION = YES;
				CLANG_WARN_INFINITE_RECURSION = YES;
				CLANG_WARN_INT_CONVERSION = YES;
				CLANG_WARN_NON_LITERAL_NULL_CONVERSION = YES;
				CLANG_WARN_OBJC_IMPLICIT_RETAIN_SELF = YES;
				CLANG_WARN_OBJC_LITERAL_CONVERSION = YES;
				CLANG_WARN_OBJC_ROOT_CLASS = YES_ERROR;
				CLANG_WARN_QUOTED_INCLUDE_IN_FRAMEWORK_HEADER = YES;
				CLANG_WARN_RANGE_LOOP_ANALYSIS = YES;
				CLANG_WARN_STRICT_PROTOTYPES = YES;
				CLANG_WARN_SUSPICIOUS_MOVE = YES;
				CLANG_WARN_UNGUARDED_AVAILABILITY = YES_AGGRESSIVE;
				CLANG_WARN_UNREACHABLE_CODE = YES;
				CLANG_WARN__DUPLICATE_METHOD_MATCH = YES;
				COPY_PHASE_STRIP = NO;
				DEBUG_INFORMATION_FORMAT = dwarf;
				ENABLE_STRICT_OBJC_MSGSEND = YES;
				ENABLE_TESTABILITY = YES;
				GCC_C_LANGUAGE_STANDARD = gnu11;
				GCC_DYNAMIC_NO_PIC = NO;
				GCC_NO_COMMON_BLOCKS = YES;
				GCC_OPTIMIZATION_LEVEL = 0;
				GCC_PREPROCESSOR_DEFINITIONS = (
					"$(inherited)",
					"DEBUG=1",
				);
				GCC_WARN_64_TO_32_BIT_CONVERSION = YES;
				GCC_WARN_ABOUT_RETURN_TYPE = YES_ERROR;
				GCC_WARN_UNDECLARED_SELECTOR = YES;
				GCC_WARN_UNINITIALIZED_AUTOS = YES_AGGRESSIVE;
				GCC_WARN_UNUSED_FUNCTION = YES;
				GCC_WARN_UNUSED_VARIABLE = YES;
				MACOSX_DEPLOYMENT_TARGET = 14.0;
				MTL_ENABLE_DEBUG_INFO = INCLUDE_SOURCE;
				MTL_FAST_MATH = YES;
				ONLY_ACTIVE_ARCH = YES;
				PRODUCT_NAME = "$(TARGET_NAME)";
				SDKROOT = macosx;
				SWIFT_ACTIVE_COMPILATION_CONDITIONS = DEBUG;
				SWIFT_OPTIMIZATION_LEVEL = "-Onone";
				SWIFT_VERSION = 6.0;
			};
			name = Debug;
		};
		C4C19FD69ACC8FE9C3260439 /* Release */ = {
			isa = XCBuildConfiguration;
			buildSettings = {
				ALWAYS_SEARCH_USER_PATHS = NO;
				CLANG_ANALYZER_NONNULL = YES;
				CLANG_ANALYZER_NUMBER_OBJECT_CONVERSION = YES_AGGRESSIVE;
				CLANG_CXX_LANGUAGE_STANDARD = "gnu++14";
				CLANG_CXX_LIBRARY = "libc++";
				CLANG_ENABLE_MODULES = YES;
				CLANG_ENABLE_OBJC_ARC = YES;
				CLANG_ENABLE_OBJC_WEAK = YES;
				CLANG_WARN_BLOCK_CAPTURE_AUTORELEASING = YES;
				CLANG_WARN_BOOL_CONVERSION = YES;
				CLANG_WARN_COMMA = YES;
				CLANG_WARN_CONSTANT_CONVERSION = YES;
				CLANG_WARN_DEPRECATED_OBJC_IMPLEMENTATIONS = YES;
				CLANG_WARN_DIRECT_OBJC_ISA_USAGE = YES_ERROR;
				CLANG_WARN_DOCUMENTATION_COMMENTS = YES;
				CLANG_WARN_EMPTY_BODY = YES;
				CLANG_WARN_ENUM_CONVERSION = YES;
				CLANG_WARN_INFINITE_RECURSION = YES;
				CLANG_WARN_INT_CONVERSION = YES;
				CLANG_WARN_NON_LITERAL_NULL_CONVERSION = YES;
				CLANG_WARN_OBJC_IMPLICIT_RETAIN_SELF = YES;
				CLANG_WARN_OBJC_LITERAL_CONVERSION = YES;
				CLANG_WARN_OBJC_ROOT_CLASS = YES_ERROR;
				CLANG_WARN_QUOTED_INCLUDE_IN_FRAMEWORK_HEADER = YES;
				CLANG_WARN_RANGE_LOOP_ANALYSIS = YES;
				CLANG_WARN_STRICT_PROTOTYPES = YES;
				CLANG_WARN_SUSPICIOUS_MOVE = YES;
				CLANG_WARN_UNGUARDED_AVAILABILITY = YES_AGGRESSIVE;
				CLANG_WARN_UNREACHABLE_CODE = YES;
				CLANG_WARN__DUPLICATE_METHOD_MATCH = YES;
				COPY_PHASE_STRIP = NO;
				DEBUG_INFORMATION_FORMAT = "dwarf-with-dsym";
				ENABLE_NS_ASSERTIONS = NO;
				ENABLE_STRICT_OBJC_MSGSEND = YES;
				GCC_C_LANGUAGE_STANDARD = gnu11;
				GCC_NO_COMMON_BLOCKS = YES;
				GCC_WARN_64_TO_32_BIT_CONVERSION = YES;
				GCC_WARN_ABOUT_RETURN_TYPE = YES_ERROR;
				GCC_WARN_UNDECLARED_SELECTOR = YES;
				GCC_WARN_UNINITIALIZED_AUTOS = YES_AGGRESSIVE;
				GCC_WARN_UNUSED_FUNCTION = YES;
				GCC_WARN_UNUSED_VARIABLE = YES;
				MACOSX_DEPLOYMENT_TARGET = 14.0;
				MTL_ENABLE_DEBUG_INFO = NO;
				MTL_FAST_MATH = YES;
				PRODUCT_NAME = "$(TARGET_NAME)";
				SDKROOT = macosx;
				SWIFT_COMPILATION_MODE = wholemodule;
				SWIFT_OPTIMIZATION_LEVEL = "-O";
				SWIFT_VERSION = 6.0;
			};
			name = Release;
		};
		F431FA49D48E7CC2ADE70326 /* Debug */ = {
			isa = XCBuildConfiguration;
			buildSettings = {
				BUNDLE_LOADER = "$(TEST_HOST)";
				COMBINE_HIDPI_IMAGES = YES;
				GENERATE_INFOPLIST_FILE = YES;
				LD_RUNPATH_SEARCH_PATHS = (
					"$(inherited)",
					"@executable_path/../Frameworks",
					"@loader_path/../Frameworks",
				);
				MACOSX_DEPLOYMENT_TARGET = 14.0;
				SDKROOT = macosx;
				TEST_HOST = "$(BUILT_PRODUCTS_DIR)/AIMenu.app/Contents/MacOS/AIMenu";
			};
			name = Debug;
		};
/* End XCBuildConfiguration section */

/* Begin XCConfigurationList section */
		4866ECE00666C9CD90B9649C /* Build configuration list for PBXNativeTarget "AIMenu" */ = {
			isa = XCConfigurationList;
			buildConfigurations = (
				3FA9C1CC8AF190BFB35AEB0D /* Debug */,
				0C82CBDFE86F63E9A883DAF5 /* Release */,
			);
			defaultConfigurationIsVisible = 0;
			defaultConfigurationName = Debug;
		};
		5C39D8900AF171AF4FE72248 /* Build configuration list for PBXProject "AIMenu" */ = {
			isa = XCConfigurationList;
			buildConfigurations = (
				AF366B1F672352A236576205 /* Debug */,
				C4C19FD69ACC8FE9C3260439 /* Release */,
			);
			defaultConfigurationIsVisible = 0;
			defaultConfigurationName = Debug;
		};
		E83C33B36F807C0A2EE9404F /* Build configuration list for PBXNativeTarget "AIMenuTests" */ = {
			isa = XCConfigurationList;
			buildConfigurations = (
				F431FA49D48E7CC2ADE70326 /* Debug */,
				48DD91B58CAE188E9436240D /* Release */,
			);
			defaultConfigurationIsVisible = 0;
			defaultConfigurationName = Debug;
		};
/* End XCConfigurationList section */
	};
	rootObject = 1C9F670E75F4E6A54634D42A /* Project object */;
}
